
Microsoft Visual Studio Solution File, Format Version 12.00
# Visual Studio Version 17
VisualStudioVersion = 17.12.35506.116 d17.12
MinimumVisualStudioVersion = 10.0.40219.1
Project("{FAE04EC0-301F-11D3-BF4B-00C04F79EFBC}") = "HoweWork_5", "HoweWork_5\HoweWork_5.csproj", "{91505BE3-01AE-4193-9A4B-2F5C0861756D}"
EndProject
Global
	GlobalSection(SolutionConfigurationPlatforms) = preSolution
		Debug|Any CPU = Debug|Any CPU
		Release|Any CPU = Release|Any CPU
	EndGlobalSection
	GlobalSection(ProjectConfigurationPlatforms) = postSolution
		{91505BE3-01AE-4193-9A4B-2F5C0861756D}.Debug|Any CPU.ActiveCfg = Debug|Any CPU
		{91505BE3-01AE-4193-9A4B-2F5C0861756D}.Debug|Any CPU.Build.0 = Debug|Any CPU
		{91505BE3-01AE-4193-9A4B-2F5C0861756D}.Release|Any CPU.ActiveCfg = Release|Any CPU
		{91505BE3-01AE-4193-9A4B-2F5C0861756D}.Release|Any CPU.Build.0 = Release|Any CPU
	EndGlobalSection
	GlobalSection(SolutionProperties) = preSolution
		HideSolutionNode = FALSE
	EndGlobalSection
EndGlobal
